{
  "nodes": {
    "catppuccin": {
      "inputs": {
        "nixpkgs": "nixpkgs"
      },
      "locked": {
        "lastModified": 1786696832,
        "narHash": "sha256-wjdfX+jCJCJsteGD75xEfsDR3yATFFEx4mwelhlDXdU=",
        "owner": "catppuccin",
        "repo": "nix",
        "rev": "35d78c213b65e38789bcb359aae2380fcb4dc3e8",
        "type": "github"
      },
      "original": {
        "owner": "catppuccin",
        "repo": "nix",
        "type": "github"
      }
    },
    "disko": {
      "inputs": {
        "nixpkgs": [
          "nixpkgs"
        ]
      },
      "locked": {
        "lastModified": 1781152676,
        "narHash": "sha256-RxWs5ND31KzTG7wvMM+PMfUjyNpmIEr999lqNARaM5o=",
        "owner": "nix-community",
        "repo": "disko",
        "rev": "ff8702b4de27f72b4c78573dfb89ec74e36abdf1",
        "type": "github"
      },
      "original": {
        "owner": "nix-community",
        "repo": "disko",
        "type": "github"
      }
    },
    "dotfiles": {
      "flake": false,
      "locked": {
        "lastModified": 1786110768,
        "narHash": "sha256-AuU429AuE7ekUVDNATjOMZNuQMIhdCgzEMkkNQO+Yac=",
        "owner": "paul-wtf",
        "repo": "dotfiles",
        "rev": "357832a2546d56f5b05701bdbfd4ece85f38a67c",
        "type": "github"
      },
      "original": {
        "owner": "paul-wtf",
        "repo": "dotfiles",
        "type": "github"
      }
    },
    "flake-parts": {
      "inputs": {
        "nixpkgs-lib": "nixpkgs-lib"
      },
      "locked": {
        "lastModified": 1782949081,
        "narHash": "sha256-vp6Y/Grm98ESt6ceOkWiHWyZRDV3J1RID4w+6NWK9yA=",
        "owner": "hercules-ci",
        "repo": "flake-parts",
        "rev": "17c9d6cdfc60c64f4ee8d306f9bc0b4ccb51481e",
        "type": "github"
      },
      "original": {
        "owner": "hercules-ci",
        "repo": "flake-parts",
        "type": "github"
      }
    },
    "flake-utils": {
      "inputs": {
        "systems": "systems"
      },
      "locked": {
        "lastModified": 1731533236,
        "narHash": "sha256-l0KFg5HjrsfsO/JpG+r7fRrqm12kzFHyUHqHCVpMMbI=",
        "owner": "numtide",
        "repo": "flake-utils",
        "rev": "11707dc2f618dd54ca8739b309ec4fc024de578b",
        "type": "github"
      },
      "original": {
        "owner": "numtide",
        "repo": "flake-utils",
        "type": "github"
      }
    },
    "gsr-ui-nix": {
      "inputs": {
        "flake-utils": "flake-utils",
        "nixpkgs": [
          "nixpkgs"
        ]
      },
      "locked": {
        "lastModified": 1785593957,
        "narHash": "sha256-16DqCLB7701mKEvsNCMNay/Mv69ZGvNnQ8nsvNQCdIQ=",
        "owner": "rPlakama",
        "repo": "gsr-ui-nix",
        "rev": "c1ac4ac2fd962b7c985edb1e420bdc5b3dce56f6",
        "type": "github"
      },
      "original": {
        "owner": "rPlakama",
        "repo": "gsr-ui-nix",
        "type": "github"
      }
    },
    "home-manager": {
      "inputs": {
        "nixpkgs": [
          "nixpkgs"
        ]
      },
      "locked": {
        "lastModified": 1786719456,
        "narHash": "sha256-B74DLQs/VjlqyhnnX3tguWwghqJHWSJX30TKZuAljIg=",
        "owner": "nix-community",
        "repo": "home-manager",
        "rev": "83b7606dcf44abe3a94b86e8bb2b3355d22e8797",
        "type": "github"
      },
      "original": {
        "owner": "nix-community",
        "repo": "home-manager",
        "type": "github"
      }
    },
    "nix-darwin": {
      "inputs": {
        "nixpkgs": [
          "nixpkgs"
        ]
      },
      "locked": {
        "lastModified": 1785389976,
        "narHash": "sha256-0tLW8Ff5yt8AH97jw4ZpFJ0OCJ122zIlgWGDmOfU/VU=",
        "owner": "nix-darwin",
        "repo": "nix-darwin",
        "rev": "15abb8c98f336cd8bd840d71059adebabe60bf04",
        "type": "github"
      },
      "original": {
        "owner": "nix-darwin",
        "ref": "master",
        "repo": "nix-darwin",
        "type": "github"
      }
    },
    "nixcord": {
      "inputs": {
        "flake-parts": "flake-parts",
        "nixpkgs": "nixpkgs_2",
        "nixpkgs-nixcord": "nixpkgs-nixcord",
        "treefmt-nix": "treefmt-nix"
      },
      "locked": {
        "lastModified": 1786685292,
        "narHash": "sha256-Ofi56F9MS1HvgGlAJi3q37Jkeyt7ztnCsjl413mhXAw=",
        "owner": "FlameFlag",
        "repo": "nixcord",
        "rev": "9caaca54bf266c411bccc9ca40d4e754adb3ee06",
        "type": "github"
      },
      "original": {
        "owner": "FlameFlag",
        "repo": "nixcord",
        "type": "github"
      }
    },
    "nixpkgs": {
      "locked": {
        "lastModified": 1786534138,
        "narHash": "sha256-Cwffw7dPM56d8spt4/queFQ1cKg69D9qrsp+wfwKvfo=",
        "rev": "044bfe75bfe4c7bbe043dc17b5e42ea823b84a09",
        "type": "tarball",
        "url": "https://releases.nixos.org/nixpkgs/nixpkgs-26.11pre1052792.044bfe75bfe4/nixexprs.tar.xz"
      },
      "original": {
        "type": "tarball",
        "url": "https://channels.nixos.org/nixpkgs-unstable/nixexprs.tar.xz"
      }
    },
    "nixpkgs-lib": {
      "locked": {
        "lastModified": 1782614948,
        "narHash": "sha256-ePjCwr1sNm9NYUqywL7QfK3JnlS015msC+eBu2zKlp8=",
        "owner": "nix-community",
        "repo": "nixpkgs.lib",
        "rev": "db3f255737b94216eb71cce308e2912cf6bc2d7c",
        "type": "github"
      },
      "original": {
        "owner": "nix-community",
        "repo": "nixpkgs.lib",
        "type": "github"
      }
    },
    "nixpkgs-nixcord": {
      "locked": {
        "lastModified": 1785386831,
        "narHash": "sha256-sPS3CaXH8RAT3FZRuy4VcV47iuYIWMMfa0GbyJKC3o4=",
        "owner": "NixOS",
        "repo": "nixpkgs",
        "rev": "21ea275a7c46aef9d4d6ddc962e6d562e9d94183",
        "type": "github"
      },
      "original": {
        "owner": "NixOS",
        "ref": "nixos-26.05",
        "repo": "nixpkgs",
        "type": "github"
      }
    },
    "nixpkgs_2": {
      "locked": {
        "lastModified": 1785386831,
        "narHash": "sha256-sPS3CaXH8RAT3FZRuy4VcV47iuYIWMMfa0GbyJKC3o4=",
        "owner": "NixOS",
        "repo": "nixpkgs",
        "rev": "21ea275a7c46aef9d4d6ddc962e6d562e9d94183",
        "type": "github"
      },
      "original": {
        "owner": "NixOS",
        "ref": "nixos-26.05",
        "repo": "nixpkgs",
        "type": "github"
      }
    },
    "nixpkgs_3": {
      "locked": {
        "lastModified": 1786599213,
        "narHash": "sha256-yNJd40f11EzXBjSByCB7IPpeFFAdeoSKKM67dGkfFoU=",
        "owner": "NixOS",
        "repo": "nixpkgs",
        "rev": "0e251e24a4f24e036a084b6b4b2d2491af4167f4",
        "type": "github"
      },
      "original": {
        "owner": "NixOS",
        "ref": "nixos-unstable",
        "repo": "nixpkgs",
        "type": "github"
      }
    },
    "nixpkgs_4": {
      "locked": {
        "lastModified": 1778580735,
        "narHash": "sha256-t+8AVV8ExvOmslz2sLIgw/hJBKlyl65rJvxjvvjHgpE=",
        "owner": "NixOS",
        "repo": "nixpkgs",
        "rev": "48d91f2c0ce7b9e589f967d4f685153dd765dcdd",
        "type": "github"
      },
      "original": {
        "owner": "NixOS",
        "ref": "nixpkgs-unstable",
        "repo": "nixpkgs",
        "type": "github"
      }
    },
    "rodecaster-volume-bridge": {
      "flake": false,
      "locked": {
        "lastModified": 1785880440,
        "narHash": "sha256-gk61rLrhMU5Sv34u/KsJymTuROnK0fq9+De9ypdYAMY=",
        "owner": "paul-wtf",
        "repo": "rodecaster-volume-bridge",
        "rev": "837c30d25ae9278a0be6fd0c9dcc4215f142ab69",
        "type": "github"
      },
      "original": {
        "owner": "paul-wtf",
        "repo": "rodecaster-volume-bridge",
        "type": "github"
      }
    },
    "root": {
      "inputs": {
        "catppuccin": "catppuccin",
        "disko": "disko",
        "dotfiles": "dotfiles",
        "gsr-ui-nix": "gsr-ui-nix",
        "home-manager": "home-manager",
        "nix-darwin": "nix-darwin",
        "nixcord": "nixcord",
        "nixpkgs": "nixpkgs_3",
        "rodecaster-volume-bridge": "rodecaster-volume-bridge",
        "streamcontroller-tidal": "streamcontroller-tidal",
        "tidaluna": "tidaluna"
      }
    },
    "streamcontroller-tidal": {
      "flake": false,
      "locked": {
        "lastModified": 1785607240,
        "narHash": "sha256-bB8/roz6ALDpXFOm22Zd9wasNg/+/lbS/YePUAZ5bQQ=",
        "owner": "paul-wtf",
        "repo": "streamcontroller-tidal",
        "rev": "f5fa05927e1bb7c8c386e89476fe0d62c7145e26",
        "type": "github"
      },
      "original": {
        "owner": "paul-wtf",
        "repo": "streamcontroller-tidal",
        "type": "github"
      }
    },
    "systems": {
      "locked": {
        "lastModified": 1681028828,
        "narHash": "sha256-Vy1rq5AaRuLzOxct8nz4T6wlgyUR7zLU309k9mBC768=",
        "owner": "nix-systems",
        "repo": "default",
        "rev": "da67096a3b9bf56a91d16901293e51ba5b49a27e",
        "type": "github"
      },
      "original": {
        "owner": "nix-systems",
        "repo": "default",
        "type": "github"
      }
    },
    "tidaluna": {
      "inputs": {
        "nixpkgs": "nixpkgs_4"
      },
      "locked": {
        "lastModified": 1786707109,
        "narHash": "sha256-ogVdJG93R7XKfeqZSpqDv9Aa/oFK7OFbnZVFXiC5JW4=",
        "owner": "Inrixia",
        "repo": "TidaLuna",
        "rev": "9900ea78b1b1ffce9366972dbc81fbb428a36d1c",
        "type": "github"
      },
      "original": {
        "owner": "Inrixia",
        "repo": "TidaLuna",
        "type": "github"
      }
    },
    "treefmt-nix": {
      "inputs": {
        "nixpkgs": [
          "nixcord",
          "nixpkgs"
        ]
      },
      "locked": {
        "lastModified": 1785360170,
        "narHash": "sha256-XE1lKgQ3eIO3E7zWryqcRsax+mYXod/5RHBn4YaR9YE=",
        "owner": "numtide",
        "repo": "treefmt-nix",
        "rev": "d1187f8bc71fb8aab02395869ec3f5c1920f75c0",
        "type": "github"
      },
      "original": {
        "owner": "numtide",
        "repo": "treefmt-nix",
        "type": "github"
      }
    }
  },
  "root": "root",
  "version": 7
}
